// !$*UTF8*$!
{
	archiveVersion = 1;
	classes = {
	};
	objectVersion = 50;
	objects = {

/* Begin PBXBuildFile section */
		DD3C509E240805670082A5BC /* AboutViewController.swift in Sources */ = {isa = PBXBuildFile; fileRef = DD3C509D240805670082A5BC /* AboutViewController.swift */; };
		DD3C50A024081C230082A5BC /* AuthorViewController.swift in Sources */ = {isa = PBXBuildFile; fileRef = DD3C509F24081C230082A5BC /* AuthorViewController.swift */; };
		DD3C50A224094C970082A5BC /* BullsEye.html in Resources */ = {isa = PBXBuildFile; fileRef = DD3C50A124094C970082A5BC /* BullsEye.html */; };
		DD66C65823FEE6000077CDE0 /* AppDelegate.swift in Sources */ = {isa = PBXBuildFile; fileRef = DD66C65723FEE6000077CDE0 /* AppDelegate.swift */; };
		DD66C65A23FEE6000077CDE0 /* SceneDelegate.swift in Sources */ = {isa = PBXBuildFile; fileRef = DD66C65923FEE6000077CDE0 /* SceneDelegate.swift */; };
		DD66C65C23FEE6000077CDE0 /* ViewController.swift in Sources */ = {isa = PBXBuildFile; fileRef = DD66C65B23FEE6000077CDE0 /* ViewController.swift */; };
		DD66C65F23FEE6000077CDE0 /* Main.storyboard in Resources */ = {isa = PBXBuildFile; fileRef = DD66C65D23FEE6000077CDE0 /* Main.storyboard */; };
		DD66C66223FEE6000077CDE0 /* BullsEye.xcdatamodeld in Sources */ = {isa = PBXBuildFile; fileRef = DD66C66023FEE6000077CDE0 /* BullsEye.xcdatamodeld */; };
		DD66C66423FEE6010077CDE0 /* Assets.xcassets in Resources */ = {isa = PBXBuildFile; fileRef = DD66C66323FEE6010077CDE0 /* Assets.xcassets */; };
		DD66C66723FEE6010077CDE0 /* LaunchScreen.storyboard in Resources */ = {isa = PBXBuildFile; fileRef = DD66C66523FEE6010077CDE0 /* LaunchScreen.storyboard */; };
/* End PBXBuildFile section */

/* Begin PBXFileReference section */
		DD3C509D240805670082A5BC /* AboutViewController.swift */ = {isa = PBXFileReference; lastKnownFileType = sourcecode.swift; path = AboutViewController.swift; sourceTree = "<group>"; };
		DD3C509F24081C230082A5BC /* AuthorViewController.swift */ = {isa = PBXFileReference; lastKnownFileType = sourcecode.swift; path = AuthorViewController.swift; sourceTree = "<group>"; };
		DD3C50A124094C970082A5BC /* BullsEye.html */ = {isa = PBXFileReference; fileEncoding = 4; lastKnownFileType = text.html; path = BullsEye.html; sourceTree = "<group>"; };
		DD66C65423FEE6000077CDE0 /* Bull's Eye.app */ = {isa = PBXFileReference; explicitFileType = wrapper.application; includeInIndex = 0; path = "Bull's Eye.app"; sourceTree = BUILT_PRODUCTS_DIR; };
		DD66C65723FEE6000077CDE0 /* AppDelegate.swift */ = {isa = PBXFileReference; lastKnownFileType = sourcecode.swift; path = AppDelegate.swift; sourceTree = "<group>"; };
		DD66C65923FEE6000077CDE0 /* SceneDelegate.swift */ = {isa = PBXFileReference; lastKnownFileType = sourcecode.swift; path = SceneDelegate.swift; sourceTree = "<group>"; };
		DD66C65B23FEE6000077CDE0 /* ViewController.swift */ = {isa = PBXFileReference; lastKnownFileType = sourcecode.swift; path = ViewController.swift; sourceTree = "<group>"; };
		DD66C65E23FEE6000077CDE0 /* Base */ = {isa = PBXFileReference; lastKnownFileType = file.storyboard; name = Base; path = Base.lproj/Main.storyboard; sourceTree = "<group>"; };
		DD66C66123FEE6000077CDE0 /* BullsEye.xcdatamodel */ = {isa = PBXFileReference; lastKnownFileType = wrapper.xcdatamodel; path = BullsEye.xcdatamodel; sourceTree = "<group>"; };
		DD66C66323FEE6010077CDE0 /* Assets.xcassets */ = {isa = PBXFileReference; lastKnownFileType = folder.assetcatalog; path = Assets.xcassets; sourceTree = "<group>"; };
		DD66C66623FEE6010077CDE0 /* Base */ = {isa = PBXFileReference; lastKnownFileType = file.storyboard; name = Base; path = Base.lproj/LaunchScreen.storyboard; sourceTree = "<group>"; };
		DD66C66823FEE6010077CDE0 /* Info.plist */ = {isa = PBXFileReference; lastKnownFileType = text.plist.xml; path = Info.plist; sourceTree = "<group>"; };
/* End PBXFileReference section */

/* Begin PBXFrameworksBuildPhase section */
		DD66C65123FEE6000077CDE0 /* Frameworks */ = {
			isa = PBXFrameworksBuildPhase;
			buildActionMask = 2147483647;
			files = (
			);
			runOnlyForDeploymentPostprocessing = 0;
		};
/* End PBXFrameworksBuildPhase section */

/* Begin PBXGroup section */
		DD66C64B23FEE6000077CDE0 = {
			isa = PBXGroup;
			children = (
				DD66C65623FEE6000077CDE0 /* BullsEye */,
				DD66C65523FEE6000077CDE0 /* Products */,
			);
			sourceTree = "<group>";
		};
		DD66C65523FEE6000077CDE0 /* Products */ = {
			isa = PBXGroup;
			children = (
				DD66C65423FEE6000077CDE0 /* Bull's Eye.app */,
			);
			name = Products;
			sourceTree = "<group>";
		};
		DD66C65623FEE6000077CDE0 /* BullsEye */ = {
			isa = PBXGroup;
			children = (
				DD66C65723FEE6000077CDE0 /* AppDelegate.swift */,
				DD66C65923FEE6000077CDE0 /* SceneDelegate.swift */,
				DD66C65B23FEE6000077CDE0 /* ViewController.swift */,
				DD66C65D23FEE6000077CDE0 /* Main.storyboard */,
				DD3C509F24081C230082A5BC /* AuthorViewController.swift */,
				DD3C509D240805670082A5BC /* AboutViewController.swift */,
				DD66C66323FEE6010077CDE0 /* Assets.xcassets */,
				DD66C66523FEE6010077CDE0 /* LaunchScreen.storyboard */,
				DD66C66823FEE6010077CDE0 /* Info.plist */,
				DD66C66023FEE6000077CDE0 /* BullsEye.xcdatamodeld */,
				DD3C50A124094C970082A5BC /* BullsEye.html */,
			);
			path = BullsEye;
			sourceTree = "<group>";
		};
/* End PBXGroup section */

/* Begin PBXNativeTarget section */
		DD66C65323FEE6000077CDE0 /* BullsEye */ = {
			isa = PBXNativeTarget;
			buildConfigurationList = DD66C66B23FEE6010077CDE0 /* Build configuration list for PBXNativeTarget "BullsEye" */;
			buildPhases = (
				DD66C65023FEE6000077CDE0 /* Sources */,
				DD66C65123FEE6000077CDE0 /* Frameworks */,
				DD66C65223FEE6000077CDE0 /* Resources */,
			);
			buildRules = (
			);
			dependencies = (
			);
			name = BullsEye;
			productName = BullsEye;
			productReference = DD66C65423FEE6000077CDE0 /* Bull's Eye.app */;
			productType = "com.apple.product-type.application";
		};
/* End PBXNativeTarget section */

/* Begin PBXProject section */
		DD66C64C23FEE6000077CDE0 /* Project object */ = {
			isa = PBXProject;
			attributes = {
				LastSwiftUpdateCheck = 1130;
				LastUpgradeCheck = 1130;
				ORGANIZATIONNAME = "Rajha Fajardo";
				TargetAttributes = {
					DD66C65323FEE6000077CDE0 = {
						CreatedOnToolsVersion = 11.3.1;
					};
				};
			};
			buildConfigurationList = DD66C64F23FEE6000077CDE0 /* Build configuration list for PBXProject "BullsEye" */;
			compatibilityVersion = "Xcode 9.3";
			developmentRegion = en;
			hasScannedForEncodings = 0;
			knownRegions = (
				en,
				Base,
			);
			mainGroup = DD66C64B23FEE6000077CDE0;
			productRefGroup = DD66C65523FEE6000077CDE0 /* Products */;
			projectDirPath = "";
			projectRoot = "";
			targets = (
				DD66C65323FEE6000077CDE0 /* BullsEye */,
			);
		};
/* End PBXProject section */

/* Begin PBXResourcesBuildPhase section */
		DD66C65223FEE6000077CDE0 /* Resources */ = {
			isa = PBXResourcesBuildPhase;
			buildActionMask = 2147483647;
			files = (
				DD66C66723FEE6010077CDE0 /* LaunchScreen.storyboard in Resources */,
				DD3C50A224094C970082A5BC /* BullsEye.html in Resources */,
				DD66C66423FEE6010077CDE0 /* Assets.xcassets in Resources */,
				DD66C65F23FEE6000077CDE0 /* Main.storyboard in Resources */,
			);
			runOnlyForDeploymentPostprocessing = 0;
		};
/* End PBXResourcesBuildPhase section */

/* Begin PBXSourcesBuildPhase section */
		DD66C65023FEE6000077CDE0 /* Sources */ = {
			isa = PBXSourcesBuildPhase;
			buildActionMask = 2147483647;
			files = (
				DD66C65C23FEE6000077CDE0 /* ViewController.swift in Sources */,
				DD66C65823FEE6000077CDE0 /* AppDelegate.swift in Sources */,
				DD66C66223FEE6000077CDE0 /* BullsEye.xcdatamodeld in Sources */,
				DD3C50A024081C230082A5BC /* AuthorViewController.swift in Sources */,
				DD3C509E240805670082A5BC /* AboutViewController.swift in Sources */,
				DD66C65A23FEE6000077CDE0 /* SceneDelegate.swift in Sources */,
			);
			runOnlyForDeploymentPostprocessing = 0;
		};
/* End PBXSourcesBuildPhase section */

/* Begin PBXVariantGroup section */
		DD66C65D23FEE6000077CDE0 /* Main.storyboard */ = {
			isa = PBXVariantGroup;
			children = (
				DD66C65E23FEE6000077CDE0 /* Base */,
			);
			name = Main.storyboard;
			sourceTree = "<group>";
		};
		DD66C66523FEE6010077CDE0 /* LaunchScreen.storyboard */ = {
			isa = PBXVariantGroup;
			children = (
				DD66C66623FEE6010077CDE0 /* Base */,
			);
			name = LaunchScreen.storyboard;
			sourceTree = "<group>";
		};
/* End PBXVariantGroup section */

/* Begin XCBuildConfiguration section */
		DD66C66923FEE6010077CDE0 /* Debug */ = {
			isa = XCBuildConfiguration;
			buildSettings = {
				ALWAYS_SEARCH_USER_PATHS = NO;
				CLANG_ANALYZER_NONNULL = YES;
				CLANG_ANALYZER_NUMBER_OBJECT_CONVERSION = YES_AGGRESSIVE;
				CLANG_CXX_LANGUAGE_STANDARD = "gnu++14";
				CLANG_CXX_LIBRARY = "libc++";
				CLANG_ENABLE_MODULES = YES;
				CLANG_ENABLE_OBJC_ARC = YES;
				CLANG_ENABLE_OBJC_WEAK = YES;
				CLANG_WARN_BLOCK_CAPTURE_AUTORELEASING = YES;
				CLANG_WARN_BOOL_CONVERSION = YES;
				CLANG_WARN_COMMA = YES;
				CLANG_WARN_CONSTANT_CONVERSION = YES;
				CLANG_WARN_DEPRECATED_OBJC_IMPLEMENTATIONS = YES;
				CLANG_WARN_DIRECT_OBJC_ISA_USAGE = YES_ERROR;
				CLANG_WARN_DOCUMENTATION_COMMENTS = YES;
				CLANG_WARN_EMPTY_BODY = YES;
				CLANG_WARN_ENUM_CONVERSION = YES;
				CLANG_WARN_INFINITE_RECURSION = YES;
				CLANG_WARN_INT_CONVERSION = YES;
				CLANG_WARN_NON_LITERAL_NULL_CONVERSION = YES;
				CLANG_WARN_OBJC_IMPLICIT_RETAIN_SELF = YES;
				CLANG_WARN_OBJC_LITERAL_CONVERSION = YES;
				CLANG_WARN_OBJC_ROOT_CLASS = YES_ERROR;
				CLANG_WARN_RANGE_LOOP_ANALYSIS = YES;
				CLANG_WARN_STRICT_PROTOTYPES = YES;
				CLANG_WARN_SUSPICIOUS_MOVE = YES;
				CLANG_WARN_UNGUARDED_AVAILABILITY = YES_AGGRESSIVE;
				CLANG_WARN_UNREACHABLE_CODE = YES;
				CLANG_WARN__DUPLICATE_METHOD_MATCH = YES;
				COPY_PHASE_STRIP = NO;
				DEBUG_INFORMATION_FORMAT = dwarf;
				ENABLE_STRICT_OBJC_MSGSEND = YES;
				ENABLE_TESTABILITY = YES;
				GCC_C_LANGUAGE_STANDARD = gnu11;
				GCC_DYNAMIC_NO_PIC = NO;
				GCC_NO_COMMON_BLOCKS = YES;
				GCC_OPTIMIZATION_LEVEL = 0;
				GCC_PREPROCESSOR_DEFINITIONS = (
					"DEBUG=1",
					"$(inherited)",
				);
				GCC_WARN_64_TO_32_BIT_CONVERSION = YES;
				GCC_WARN_ABOUT_RETURN_TYPE = YES_ERROR;
				GCC_WARN_UNDECLARED_SELECTOR = YES;
				GCC_WARN_UNINITIALIZED_AUTOS = YES_AGGRESSIVE;
				GCC_WARN_UNUSED_FUNCTION = YES;
				GCC_WARN_UNUSED_VARIABLE = YES;
				IPHONEOS_DEPLOYMENT_TARGET = 13.2;
				MTL_ENABLE_DEBUG_INFO = INCLUDE_SOURCE;
				MTL_FAST_MATH = YES;
				ONLY_ACTIVE_ARCH = YES;
				SDKROOT = iphoneos;
				SWIFT_ACTIVE_COMPILATION_CONDITIONS = DEBUG;
				SWIFT_OPTIMIZATION_LEVEL = "-Onone";
			};
			name = Debug;
		};
		DD66C66A23FEE6010077CDE0 /* Release */ = {
			isa = XCBuildConfiguration;
			buildSettings = {
				ALWAYS_SEARCH_USER_PATHS = NO;
				CLANG_ANALYZER_NONNULL = YES;
				CLANG_ANALYZER_NUMBER_OBJECT_CONVERSION = YES_AGGRESSIVE;
				CLANG_CXX_LANGUAGE_STANDARD = "gnu++14";
				CLANG_CXX_LIBRARY = "libc++";
				CLANG_ENABLE_MODULES = YES;
				CLANG_ENABLE_OBJC_ARC = YES;
				CLANG_ENABLE_OBJC_WEAK = YES;
				CLANG_WARN_BLOCK_CAPTURE_AUTORELEASING = YES;
				CLANG_WARN_BOOL_CONVERSION = YES;
				CLANG_WARN_COMMA = YES;
				CLANG_WARN_CONSTANT_CONVERSION = YES;
				CLANG_WARN_DEPRECATED_OBJC_IMPLEMENTATIONS = YES;
				CLANG_WARN_DIRECT_OBJC_ISA_USAGE = YES_ERROR;
				CLANG_WARN_DOCUMENTATION_COMMENTS = YES;
				CLANG_WARN_EMPTY_BODY = YES;
				CLANG_WARN_ENUM_CONVERSION = YES;
				CLANG_WARN_INFINITE_RECURSION = YES;
				CLANG_WARN_INT_CONVERSION = YES;
				CLANG_WARN_NON_LITERAL_NULL_CONVERSION = YES;
				CLANG_WARN_OBJC_IMPLICIT_RETAIN_SELF = YES;
				CLANG_WARN_OBJC_LITERAL_CONVERSION = YES;
				CLANG_WARN_OBJC_ROOT_CLASS = YES_ERROR;
				CLANG_WARN_RANGE_LOOP_ANALYSIS = YES;
				CLANG_WARN_STRICT_PROTOTYPES = YES;
				CLANG_WARN_SUSPICIOUS_MOVE = YES;
				CLANG_WARN_UNGUARDED_AVAILABILITY = YES_AGGRESSIVE;
				CLANG_WARN_UNREACHABLE_CODE = YES;
				CLANG_WARN__DUPLICATE_METHOD_MATCH = YES;
				COPY_PHASE_STRIP = NO;
				DEBUG_INFORMATION_FORMAT = "dwarf-with-dsym";
				ENABLE_NS_ASSERTIONS = NO;
				ENABLE_STRICT_OBJC_MSGSEND = YES;
				GCC_C_LANGUAGE_STANDARD = gnu11;
				GCC_NO_COMMON_BLOCKS = YES;
				GCC_WARN_64_TO_32_BIT_CONVERSION = YES;
				GCC_WARN_ABOUT_RETURN_TYPE = YES_ERROR;
				GCC_WARN_UNDECLARED_SELECTOR = YES;
				GCC_WARN_UNINITIALIZED_AUTOS = YES_AGGRESSIVE;
				GCC_WARN_UNUSED_FUNCTION = YES;
				GCC_WARN_UNUSED_VARIABLE = YES;
				IPHONEOS_DEPLOYMENT_TARGET = 13.2;
				MTL_ENABLE_DEBUG_INFO = NO;
				MTL_FAST_MATH = YES;
				SDKROOT = iphoneos;
				SWIFT_COMPILATION_MODE = wholemodule;
				SWIFT_OPTIMIZATION_LEVEL = "-O";
				VALIDATE_PRODUCT = YES;
			};
			name = Release;
		};
		DD66C66C23FEE6010077CDE0 /* Debug */ = {
			isa = XCBuildConfiguration;
			buildSettings = {
				ASSETCATALOG_COMPILER_APPICON_NAME = AppIcon;
				CODE_SIGN_STYLE = Automatic;
				DEVELOPMENT_TEAM = XDQAW44S9P;
				INFOPLIST_FILE = BullsEye/Info.plist;
				LD_RUNPATH_SEARCH_PATHS = (
					"$(inherited)",
					"@executable_path/Frameworks",
				);
				PRODUCT_BUNDLE_IDENTIFIER = rajha.BullsEye;
				PRODUCT_NAME = "Bull's Eye";
				SWIFT_VERSION = 5.0;
				TARGETED_DEVICE_FAMILY = "1,2";
			};
			name = Debug;
		};
		DD66C66D23FEE6010077CDE0 /* Release */ = {
			isa = XCBuildConfiguration;
			buildSettings = {
				ASSETCATALOG_COMPILER_APPICON_NAME = AppIcon;
				CODE_SIGN_STYLE = Automatic;
				DEVELOPMENT_TEAM = XDQAW44S9P;
				INFOPLIST_FILE = BullsEye/Info.plist;
				LD_RUNPATH_SEARCH_PATHS = (
					"$(inherited)",
					"@executable_path/Frameworks",
				);
				PRODUCT_BUNDLE_IDENTIFIER = rajha.BullsEye;
				PRODUCT_NAME = "Bull's Eye";
				SWIFT_VERSION = 5.0;
				TARGETED_DEVICE_FAMILY = "1,2";
			};
			name = Release;
		};
/* End XCBuildConfiguration section */

/* Begin XCConfigurationList section */
		DD66C64F23FEE6000077CDE0 /* Build configuration list for PBXProject "BullsEye" */ = {
			isa = XCConfigurationList;
			buildConfigurations = (
				DD66C66923FEE6010077CDE0 /* Debug */,
				DD66C66A23FEE6010077CDE0 /* Release */,
			);
			defaultConfigurationIsVisible = 0;
			defaultConfigurationName = Release;
		};
		DD66C66B23FEE6010077CDE0 /* Build configuration list for PBXNativeTarget "BullsEye" */ = {
			isa = XCConfigurationList;
			buildConfigurations = (
				DD66C66C23FEE6010077CDE0 /* Debug */,
				DD66C66D23FEE6010077CDE0 /* Release */,
			);
			defaultConfigurationIsVisible = 0;
			defaultConfigurationName = Release;
		};
/* End XCConfigurationList section */

/* Begin XCVersionGroup section */
		DD66C66023FEE6000077CDE0 /* BullsEye.xcdatamodeld */ = {
			isa = XCVersionGroup;
			children = (
				DD66C66123FEE6000077CDE0 /* BullsEye.xcdatamodel */,
			);
			currentVersion = DD66C66123FEE6000077CDE0 /* BullsEye.xcdatamodel */;
			path = BullsEye.xcdatamodeld;
			sourceTree = "<group>";
			versionGroupType = wrapper.xcdatamodel;
		};
/* End XCVersionGroup section */
	};
	rootObject = DD66C64C23FEE6000077CDE0 /* Project object */;
}
